
Microsoft Visual Studio Solution File, Format Version 12.00
# Visual Studio Version 17
VisualStudioVersion = 17.9.34622.214
MinimumVisualStudioVersion = 10.0.40219.1
Project("{FAE04EC0-301F-11D3-BF4B-00C04F79EFBC}") = "TOEEncryptionTool", "TOEEncryptionTool.csproj", "{BE7609E3-2B36-4817-9DBA-35652C73A687}"
EndProject
Project("{FAE04EC0-301F-11D3-BF4B-00C04F79EFBC}") = "TOEDecryptionTool", "..\TOEDecryptionTool\TOEDecryptionTool.csproj", "{BAE64CBB-4006-4B58-8F0F-A33F1CE87DC0}"
EndProject
Global
	GlobalSection(SolutionConfigurationPlatforms) = preSolution
		Debug|Any CPU = Debug|Any CPU
		Release|Any CPU = Release|Any CPU
	EndGlobalSection
	GlobalSection(ProjectConfigurationPlatforms) = postSolution
		{BE7609E3-2B36-4817-9DBA-35652C73A687}.Debug|Any CPU.ActiveCfg = Debug|Any CPU
		{BE7609E3-2B36-4817-9DBA-35652C73A687}.Debug|Any CPU.Build.0 = Debug|Any CPU
		{BE7609E3-2B36-4817-9DBA-35652C73A687}.Release|Any CPU.ActiveCfg = Release|Any CPU
		{BE7609E3-2B36-4817-9DBA-35652C73A687}.Release|Any CPU.Build.0 = Release|Any CPU
		{BAE64CBB-4006-4B58-8F0F-A33F1CE87DC0}.Debug|Any CPU.ActiveCfg = Debug|Any CPU
		{BAE64CBB-4006-4B58-8F0F-A33F1CE87DC0}.Debug|Any CPU.Build.0 = Debug|Any CPU
		{BAE64CBB-4006-4B58-8F0F-A33F1CE87DC0}.Release|Any CPU.ActiveCfg = Release|Any CPU
		{BAE64CBB-4006-4B58-8F0F-A33F1CE87DC0}.Release|Any CPU.Build.0 = Release|Any CPU
	EndGlobalSection
	GlobalSection(SolutionProperties) = preSolution
		HideSolutionNode = FALSE
	EndGlobalSection
	GlobalSection(ExtensibilityGlobals) = postSolution
		SolutionGuid = {C063ED7E-1362-4FE4-88AE-DD66AE1FD4AB}
	EndGlobalSection
EndGlobal
